
Microsoft Visual Studio Solution File, Format Version 12.00
# Visual Studio Version 17
VisualStudioVersion = 17.1.32421.90
MinimumVisualStudioVersion = 10.0.40219.1
Project("{9A19103F-16F7-4668-BE54-9A1E7A4F7556}") = "WebsiteTestToeic.Host", "WebsiteTestToeic.Host\WebsiteTestToeic.Host.csproj", "{3D796866-B309-494D-8232-9EE94F2E610D}"
EndProject
Project("{9A19103F-16F7-4668-BE54-9A1E7A4F7556}") = "WebsiteTestToeic.Api", "WebsiteTestToeic.Api\WebsiteTestToeic.Api.csproj", "{70971EC7-ECB0-414C-845D-D48645D23D2F}"
EndProject
Project("{9A19103F-16F7-4668-BE54-9A1E7A4F7556}") = "WebsiteTestToeic.Domain", "WebsiteTestToeic.Domain\WebsiteTestToeic.Domain.csproj", "{DD758847-2BC2-4F17-A284-D6E47CA1DA79}"
EndProject
Project("{9A19103F-16F7-4668-BE54-9A1E7A4F7556}") = "WebsiteTestToeic.Database", "WebsiteTestToeic.Database\WebsiteTestToeic.Database.csproj", "{DBAAEDB3-3849-412A-8D24-E6CA9B6B7E76}"
EndProject
Project("{54A90642-561A-4BB1-A94E-469ADEE60C69}") = "websitetesttoeic.frontend", "websitetesttoeic.frontend\websitetesttoeic.frontend.esproj", "{11B2AF0D-D152-4B8F-95B4-336E05D8FF54}"
EndProject
Global
	GlobalSection(SolutionConfigurationPlatforms) = preSolution
		Debug|Any CPU = Debug|Any CPU
		Release|Any CPU = Release|Any CPU
	EndGlobalSection
	GlobalSection(ProjectConfigurationPlatforms) = postSolution
		{3D796866-B309-494D-8232-9EE94F2E610D}.Debug|Any CPU.ActiveCfg = Debug|Any CPU
		{3D796866-B309-494D-8232-9EE94F2E610D}.Debug|Any CPU.Build.0 = Debug|Any CPU
		{3D796866-B309-494D-8232-9EE94F2E610D}.Release|Any CPU.ActiveCfg = Release|Any CPU
		{3D796866-B309-494D-8232-9EE94F2E610D}.Release|Any CPU.Build.0 = Release|Any CPU
		{70971EC7-ECB0-414C-845D-D48645D23D2F}.Debug|Any CPU.ActiveCfg = Debug|Any CPU
		{70971EC7-ECB0-414C-845D-D48645D23D2F}.Debug|Any CPU.Build.0 = Debug|Any CPU
		{70971EC7-ECB0-414C-845D-D48645D23D2F}.Release|Any CPU.ActiveCfg = Release|Any CPU
		{70971EC7-ECB0-414C-845D-D48645D23D2F}.Release|Any CPU.Build.0 = Release|Any CPU
		{DD758847-2BC2-4F17-A284-D6E47CA1DA79}.Debug|Any CPU.ActiveCfg = Debug|Any CPU
		{DD758847-2BC2-4F17-A284-D6E47CA1DA79}.Debug|Any CPU.Build.0 = Debug|Any CPU
		{DD758847-2BC2-4F17-A284-D6E47CA1DA79}.Release|Any CPU.ActiveCfg = Release|Any CPU
		{DD758847-2BC2-4F17-A284-D6E47CA1DA79}.Release|Any CPU.Build.0 = Release|Any CPU
		{DBAAEDB3-3849-412A-8D24-E6CA9B6B7E76}.Debug|Any CPU.ActiveCfg = Debug|Any CPU
		{DBAAEDB3-3849-412A-8D24-E6CA9B6B7E76}.Debug|Any CPU.Build.0 = Debug|Any CPU
		{DBAAEDB3-3849-412A-8D24-E6CA9B6B7E76}.Release|Any CPU.ActiveCfg = Release|Any CPU
		{DBAAEDB3-3849-412A-8D24-E6CA9B6B7E76}.Release|Any CPU.Build.0 = Release|Any CPU
		{11B2AF0D-D152-4B8F-95B4-336E05D8FF54}.Debug|Any CPU.ActiveCfg = Debug|Any CPU
		{11B2AF0D-D152-4B8F-95B4-336E05D8FF54}.Debug|Any CPU.Build.0 = Debug|Any CPU
		{11B2AF0D-D152-4B8F-95B4-336E05D8FF54}.Debug|Any CPU.Deploy.0 = Debug|Any CPU
		{11B2AF0D-D152-4B8F-95B4-336E05D8FF54}.Release|Any CPU.ActiveCfg = Release|Any CPU
		{11B2AF0D-D152-4B8F-95B4-336E05D8FF54}.Release|Any CPU.Build.0 = Release|Any CPU
		{11B2AF0D-D152-4B8F-95B4-336E05D8FF54}.Release|Any CPU.Deploy.0 = Release|Any CPU
	EndGlobalSection
	GlobalSection(SolutionProperties) = preSolution
		HideSolutionNode = FALSE
	EndGlobalSection
	GlobalSection(ExtensibilityGlobals) = postSolution
		SolutionGuid = {ED3ABBCE-C7D2-4B2E-8DDE-66CF2D512B67}
	EndGlobalSection
EndGlobal
